
Microsoft Visual Studio Solution File, Format Version 12.00
# Visual Studio Version 17
VisualStudioVersion = 17.9.34511.98
MinimumVisualStudioVersion = 10.0.40219.1
Project("{FAE04EC0-301F-11D3-BF4B-00C04F79EFBC}") = "StringToGuidBenchmarking", "StringToGuidBenchmarking.csproj", "{B1D6B94A-B4CD-4E30-9664-CF2EC24D3E40}"
EndProject
Global
	GlobalSection(SolutionConfigurationPlatforms) = preSolution
		Debug|Any CPU = Debug|Any CPU
		Release|Any CPU = Release|Any CPU
	EndGlobalSection
	GlobalSection(ProjectConfigurationPlatforms) = postSolution
		{B1D6B94A-B4CD-4E30-9664-CF2EC24D3E40}.Debug|Any CPU.ActiveCfg = Debug|Any CPU
		{B1D6B94A-B4CD-4E30-9664-CF2EC24D3E40}.Debug|Any CPU.Build.0 = Debug|Any CPU
		{B1D6B94A-B4CD-4E30-9664-CF2EC24D3E40}.Release|Any CPU.ActiveCfg = Release|Any CPU
		{B1D6B94A-B4CD-4E30-9664-CF2EC24D3E40}.Release|Any CPU.Build.0 = Release|Any CPU
	EndGlobalSection
	GlobalSection(SolutionProperties) = preSolution
		HideSolutionNode = FALSE
	EndGlobalSection
	GlobalSection(ExtensibilityGlobals) = postSolution
		SolutionGuid = {722955A6-135A-4ECA-A056-DFCAEDE6BBA1}
	EndGlobalSection
EndGlobal
